
Microsoft Visual Studio Solution File, Format Version 12.00
# Visual Studio Version 17
VisualStudioVersion = 17.14.36705.20 d17.14
MinimumVisualStudioVersion = 10.0.40219.1
Project("{FAE04EC0-301F-11D3-BF4B-00C04F79EFBC}") = "MyWinUI3PackageProjectTemplate6", "MyWinUI3PackageProjectTemplate6\MyWinUI3PackageProjectTemplate6\MyWinUI3PackageProjectTemplate6.csproj", "{53128A1E-9000-4E21-827C-53368F8ADC37}"
EndProject
Project("{C7167F0D-BC9F-4E6E-AFE1-012C56B48DB5}") = "MyWinUI3PackageProjectTemplate6Package", "MyWinUI3PackageProjectTemplate6\MyWinUI3PackageProjectTemplate6Package\MyWinUI3PackageProjectTemplate6Package.wapproj", "{915D3AB7-5F08-4EA8-86AB-4663E1517180}"
EndProject
Global
	GlobalSection(SolutionConfigurationPlatforms) = preSolution
		Debug|x64 = Debug|x64
		Release|x64 = Release|x64
	EndGlobalSection
	GlobalSection(ProjectConfigurationPlatforms) = postSolution
		{53128A1E-9000-4E21-827C-53368F8ADC37}.Debug|x64.ActiveCfg = Debug|x64
		{53128A1E-9000-4E21-827C-53368F8ADC37}.Debug|x64.Build.0 = Debug|x64
		{53128A1E-9000-4E21-827C-53368F8ADC37}.Release|x64.ActiveCfg = Release|x64
		{53128A1E-9000-4E21-827C-53368F8ADC37}.Release|x64.Build.0 = Release|x64
		{915D3AB7-5F08-4EA8-86AB-4663E1517180}.Debug|x64.ActiveCfg = Debug|x64
		{915D3AB7-5F08-4EA8-86AB-4663E1517180}.Debug|x64.Build.0 = Debug|x64
		{915D3AB7-5F08-4EA8-86AB-4663E1517180}.Debug|x64.Deploy.0 = Debug|x64
		{915D3AB7-5F08-4EA8-86AB-4663E1517180}.Release|x64.ActiveCfg = Release|x64
		{915D3AB7-5F08-4EA8-86AB-4663E1517180}.Release|x64.Build.0 = Release|x64
		{915D3AB7-5F08-4EA8-86AB-4663E1517180}.Release|x64.Deploy.0 = Release|x64
	EndGlobalSection
	GlobalSection(SolutionProperties) = preSolution
		HideSolutionNode = FALSE
	EndGlobalSection
	GlobalSection(ExtensibilityGlobals) = postSolution
		SolutionGuid = {62DEDEE5-F0E1-4B83-9CD6-011860C75AA3}
	EndGlobalSection
EndGlobal
